// !$*UTF8*$!
{
	archiveVersion = 1;
	classes = {
	};
	objectVersion = 50;
	objects = {

/* Begin PBXBuildFile section */
		1CBAFF4726D7453B00C97334 /* AppDelegate.swift in Sources */ = {isa = PBXBuildFile; fileRef = 1CBAFF4626D7453B00C97334 /* AppDelegate.swift */; };
		1CBAFF4926D7453B00C97334 /* SceneDelegate.swift in Sources */ = {isa = PBXBuildFile; fileRef = 1CBAFF4826D7453B00C97334 /* SceneDelegate.swift */; };
		1CBAFF4B26D7453B00C97334 /* ViewController.swift in Sources */ = {isa = PBXBuildFile; fileRef = 1CBAFF4A26D7453B00C97334 /* ViewController.swift */; };
		1CBAFF4E26D7453B00C97334 /* Main.storyboard in Resources */ = {isa = PBXBuildFile; fileRef = 1CBAFF4C26D7453B00C97334 /* Main.storyboard */; };
		1CBAFF5026D7454B00C97334 /* Assets.xcassets in Resources */ = {isa = PBXBuildFile; fileRef = 1CBAFF4F26D7454B00C97334 /* Assets.xcassets */; };
		1CBAFF5326D7454B00C97334 /* LaunchScreen.storyboard in Resources */ = {isa = PBXBuildFile; fileRef = 1CBAFF5126D7454B00C97334 /* LaunchScreen.storyboard */; };
		1CBAFF5B26D7812D00C97334 /* CustomCell.swift in Sources */ = {isa = PBXBuildFile; fileRef = 1CBAFF5A26D7812D00C97334 /* CustomCell.swift */; };
/* End PBXBuildFile section */

/* Begin PBXFileReference section */
		1CBAFF4326D7453B00C97334 /* CropSearchTechnical.app */ = {isa = PBXFileReference; explicitFileType = wrapper.application; includeInIndex = 0; path = CropSearchTechnical.app; sourceTree = BUILT_PRODUCTS_DIR; };
		1CBAFF4626D7453B00C97334 /* AppDelegate.swift */ = {isa = PBXFileReference; lastKnownFileType = sourcecode.swift; path = AppDelegate.swift; sourceTree = "<group>"; };
		1CBAFF4826D7453B00C97334 /* SceneDelegate.swift */ = {isa = PBXFileReference; lastKnownFileType = sourcecode.swift; path = SceneDelegate.swift; sourceTree = "<group>"; };
		1CBAFF4A26D7453B00C97334 /* ViewController.swift */ = {isa = PBXFileReference; lastKnownFileType = sourcecode.swift; path = ViewController.swift; sourceTree = "<group>"; };
		1CBAFF4D26D7453B00C97334 /* Base */ = {isa = PBXFileReference; lastKnownFileType = file.storyboard; name = Base; path = Base.lproj/Main.storyboard; sourceTree = "<group>"; };
		1CBAFF4F26D7454B00C97334 /* Assets.xcassets */ = {isa = PBXFileReference; lastKnownFileType = folder.assetcatalog; path = Assets.xcassets; sourceTree = "<group>"; };
		1CBAFF5226D7454B00C97334 /* Base */ = {isa = PBXFileReference; lastKnownFileType = file.storyboard; name = Base; path = Base.lproj/LaunchScreen.storyboard; sourceTree = "<group>"; };
		1CBAFF5426D7454B00C97334 /* Info.plist */ = {isa = PBXFileReference; lastKnownFileType = text.plist.xml; path = Info.plist; sourceTree = "<group>"; };
		1CBAFF5A26D7812D00C97334 /* CustomCell.swift */ = {isa = PBXFileReference; lastKnownFileType = sourcecode.swift; path = CustomCell.swift; sourceTree = "<group>"; };
/* End PBXFileReference section */

/* Begin PBXFrameworksBuildPhase section */
		1CBAFF4026D7453B00C97334 /* Frameworks */ = {
			isa = PBXFrameworksBuildPhase;
			buildActionMask = 2147483647;
			files = (
			);
			runOnlyForDeploymentPostprocessing = 0;
		};
/* End PBXFrameworksBuildPhase section */

/* Begin PBXGroup section */
		1CBAFF3A26D7453B00C97334 = {
			isa = PBXGroup;
			children = (
				1CBAFF4526D7453B00C97334 /* CropSearchTechnical */,
				1CBAFF4426D7453B00C97334 /* Products */,
			);
			sourceTree = "<group>";
		};
		1CBAFF4426D7453B00C97334 /* Products */ = {
			isa = PBXGroup;
			children = (
				1CBAFF4326D7453B00C97334 /* CropSearchTechnical.app */,
			);
			name = Products;
			sourceTree = "<group>";
		};
		1CBAFF4526D7453B00C97334 /* CropSearchTechnical */ = {
			isa = PBXGroup;
			children = (
				1CBAFF4626D7453B00C97334 /* AppDelegate.swift */,
				1CBAFF4826D7453B00C97334 /* SceneDelegate.swift */,
				1CBAFF4A26D7453B00C97334 /* ViewController.swift */,
				1CBAFF4C26D7453B00C97334 /* Main.storyboard */,
				1CBAFF4F26D7454B00C97334 /* Assets.xcassets */,
				1CBAFF5126D7454B00C97334 /* LaunchScreen.storyboard */,
				1CBAFF5426D7454B00C97334 /* Info.plist */,
				1CBAFF5A26D7812D00C97334 /* CustomCell.swift */,
			);
			path = CropSearchTechnical;
			sourceTree = "<group>";
		};
/* End PBXGroup section */

/* Begin PBXNativeTarget section */
		1CBAFF4226D7453B00C97334 /* CropSearchTechnical */ = {
			isa = PBXNativeTarget;
			buildConfigurationList = 1CBAFF5726D7454B00C97334 /* Build configuration list for PBXNativeTarget "CropSearchTechnical" */;
			buildPhases = (
				1CBAFF3F26D7453B00C97334 /* Sources */,
				1CBAFF4026D7453B00C97334 /* Frameworks */,
				1CBAFF4126D7453B00C97334 /* Resources */,
			);
			buildRules = (
			);
			dependencies = (
			);
			name = CropSearchTechnical;
			productName = CropSearchTechnical;
			productReference = 1CBAFF4326D7453B00C97334 /* CropSearchTechnical.app */;
			productType = "com.apple.product-type.application";
		};
/* End PBXNativeTarget section */

/* Begin PBXProject section */
		1CBAFF3B26D7453B00C97334 /* Project object */ = {
			isa = PBXProject;
			attributes = {
				LastSwiftUpdateCheck = 1250;
				LastUpgradeCheck = 1250;
				TargetAttributes = {
					1CBAFF4226D7453B00C97334 = {
						CreatedOnToolsVersion = 12.5.1;
					};
				};
			};
			buildConfigurationList = 1CBAFF3E26D7453B00C97334 /* Build configuration list for PBXProject "CropSearchTechnical" */;
			compatibilityVersion = "Xcode 9.3";
			developmentRegion = en;
			hasScannedForEncodings = 0;
			knownRegions = (
				en,
				Base,
			);
			mainGroup = 1CBAFF3A26D7453B00C97334;
			productRefGroup = 1CBAFF4426D7453B00C97334 /* Products */;
			projectDirPath = "";
			projectRoot = "";
			targets = (
				1CBAFF4226D7453B00C97334 /* CropSearchTechnical */,
			);
		};
/* End PBXProject section */

/* Begin PBXResourcesBuildPhase section */
		1CBAFF4126D7453B00C97334 /* Resources */ = {
			isa = PBXResourcesBuildPhase;
			buildActionMask = 2147483647;
			files = (
				1CBAFF5326D7454B00C97334 /* LaunchScreen.storyboard in Resources */,
				1CBAFF5026D7454B00C97334 /* Assets.xcassets in Resources */,
				1CBAFF4E26D7453B00C97334 /* Main.storyboard in Resources */,
			);
			runOnlyForDeploymentPostprocessing = 0;
		};
/* End PBXResourcesBuildPhase section */

/* Begin PBXSourcesBuildPhase section */
		1CBAFF3F26D7453B00C97334 /* Sources */ = {
			isa = PBXSourcesBuildPhase;
			buildActionMask = 2147483647;
			files = (
				1CBAFF4B26D7453B00C97334 /* ViewController.swift in Sources */,
				1CBAFF4726D7453B00C97334 /* AppDelegate.swift in Sources */,
				1CBAFF5B26D7812D00C97334 /* CustomCell.swift in Sources */,
				1CBAFF4926D7453B00C97334 /* SceneDelegate.swift in Sources */,
			);
			runOnlyForDeploymentPostprocessing = 0;
		};
/* End PBXSourcesBuildPhase section */

/* Begin PBXVariantGroup section */
		1CBAFF4C26D7453B00C97334 /* Main.storyboard */ = {
			isa = PBXVariantGroup;
			children = (
				1CBAFF4D26D7453B00C97334 /* Base */,
			);
			name = Main.storyboard;
			sourceTree = "<group>";
		};
		1CBAFF5126D7454B00C97334 /* LaunchScreen.storyboard */ = {
			isa = PBXVariantGroup;
			children = (
				1CBAFF5226D7454B00C97334 /* Base */,
			);
			name = LaunchScreen.storyboard;
			sourceTree = "<group>";
		};
/* End PBXVariantGroup section */

/* Begin XCBuildConfiguration section */
		1CBAFF5526D7454B00C97334 /* Debug */ = {
			isa = XCBuildConfiguration;
			buildSettings = {
				ALWAYS_SEARCH_USER_PATHS = NO;
				CLANG_ANALYZER_NONNULL = YES;
				CLANG_ANALYZER_NUMBER_OBJECT_CONVERSION = YES_AGGRESSIVE;
				CLANG_CXX_LANGUAGE_STANDARD = "gnu++14";
				CLANG_CXX_LIBRARY = "libc++";
				CLANG_ENABLE_MODULES = YES;
				CLANG_ENABLE_OBJC_ARC = YES;
				CLANG_ENABLE_OBJC_WEAK = YES;
				CLANG_WARN_BLOCK_CAPTURE_AUTORELEASING = YES;
				CLANG_WARN_BOOL_CONVERSION = YES;
				CLANG_WARN_COMMA = YES;
				CLANG_WARN_CONSTANT_CONVERSION = YES;
				CLANG_WARN_DEPRECATED_OBJC_IMPLEMENTATIONS = YES;
				CLANG_WARN_DIRECT_OBJC_ISA_USAGE = YES_ERROR;
				CLANG_WARN_DOCUMENTATION_COMMENTS = YES;
				CLANG_WARN_EMPTY_BODY = YES;
				CLANG_WARN_ENUM_CONVERSION = YES;
				CLANG_WARN_INFINITE_RECURSION = YES;
				CLANG_WARN_INT_CONVERSION = YES;
				CLANG_WARN_NON_LITERAL_NULL_CONVERSION = YES;
				CLANG_WARN_OBJC_IMPLICIT_RETAIN_SELF = YES;
				CLANG_WARN_OBJC_LITERAL_CONVERSION = YES;
				CLANG_WARN_OBJC_ROOT_CLASS = YES_ERROR;
				CLANG_WARN_QUOTED_INCLUDE_IN_FRAMEWORK_HEADER = YES;
				CLANG_WARN_RANGE_LOOP_ANALYSIS = YES;
				CLANG_WARN_STRICT_PROTOTYPES = YES;
				CLANG_WARN_SUSPICIOUS_MOVE = YES;
				CLANG_WARN_UNGUARDED_AVAILABILITY = YES_AGGRESSIVE;
				CLANG_WARN_UNREACHABLE_CODE = YES;
				CLANG_WARN__DUPLICATE_METHOD_MATCH = YES;
				COPY_PHASE_STRIP = NO;
				DEBUG_INFORMATION_FORMAT = dwarf;
				ENABLE_STRICT_OBJC_MSGSEND = YES;
				ENABLE_TESTABILITY = YES;
				GCC_C_LANGUAGE_STANDARD = gnu11;
				GCC_DYNAMIC_NO_PIC = NO;
				GCC_NO_COMMON_BLOCKS = YES;
				GCC_OPTIMIZATION_LEVEL = 0;
				GCC_PREPROCESSOR_DEFINITIONS = (
					"DEBUG=1",
					"$(inherited)",
				);
				GCC_WARN_64_TO_32_BIT_CONVERSION = YES;
				GCC_WARN_ABOUT_RETURN_TYPE = YES_ERROR;
				GCC_WARN_UNDECLARED_SELECTOR = YES;
				GCC_WARN_UNINITIALIZED_AUTOS = YES_AGGRESSIVE;
				GCC_WARN_UNUSED_FUNCTION = YES;
				GCC_WARN_UNUSED_VARIABLE = YES;
				IPHONEOS_DEPLOYMENT_TARGET = 14.5;
				MTL_ENABLE_DEBUG_INFO = INCLUDE_SOURCE;
				MTL_FAST_MATH = YES;
				ONLY_ACTIVE_ARCH = YES;
				SDKROOT = iphoneos;
				SWIFT_ACTIVE_COMPILATION_CONDITIONS = DEBUG;
				SWIFT_OPTIMIZATION_LEVEL = "-Onone";
			};
			name = Debug;
		};
		1CBAFF5626D7454B00C97334 /* Release */ = {
			isa = XCBuildConfiguration;
			buildSettings = {
				ALWAYS_SEARCH_USER_PATHS = NO;
				CLANG_ANALYZER_NONNULL = YES;
				CLANG_ANALYZER_NUMBER_OBJECT_CONVERSION = YES_AGGRESSIVE;
				CLANG_CXX_LANGUAGE_STANDARD = "gnu++14";
				CLANG_CXX_LIBRARY = "libc++";
				CLANG_ENABLE_MODULES = YES;
				CLANG_ENABLE_OBJC_ARC = YES;
				CLANG_ENABLE_OBJC_WEAK = YES;
				CLANG_WARN_BLOCK_CAPTURE_AUTORELEASING = YES;
				CLANG_WARN_BOOL_CONVERSION = YES;
				CLANG_WARN_COMMA = YES;
				CLANG_WARN_CONSTANT_CONVERSION = YES;
				CLANG_WARN_DEPRECATED_OBJC_IMPLEMENTATIONS = YES;
				CLANG_WARN_DIRECT_OBJC_ISA_USAGE = YES_ERROR;
				CLANG_WARN_DOCUMENTATION_COMMENTS = YES;
				CLANG_WARN_EMPTY_BODY = YES;
				CLANG_WARN_ENUM_CONVERSION = YES;
				CLANG_WARN_INFINITE_RECURSION = YES;
				CLANG_WARN_INT_CONVERSION = YES;
				CLANG_WARN_NON_LITERAL_NULL_CONVERSION = YES;
				CLANG_WARN_OBJC_IMPLICIT_RETAIN_SELF = YES;
				CLANG_WARN_OBJC_LITERAL_CONVERSION = YES;
				CLANG_WARN_OBJC_ROOT_CLASS = YES_ERROR;
				CLANG_WARN_QUOTED_INCLUDE_IN_FRAMEWORK_HEADER = YES;
				CLANG_WARN_RANGE_LOOP_ANALYSIS = YES;
				CLANG_WARN_STRICT_PROTOTYPES = YES;
				CLANG_WARN_SUSPICIOUS_MOVE = YES;
				CLANG_WARN_UNGUARDED_AVAILABILITY = YES_AGGRESSIVE;
				CLANG_WARN_UNREACHABLE_CODE = YES;
				CLANG_WARN__DUPLICATE_METHOD_MATCH = YES;
				COPY_PHASE_STRIP = NO;
				DEBUG_INFORMATION_FORMAT = "dwarf-with-dsym";
				ENABLE_NS_ASSERTIONS = NO;
				ENABLE_STRICT_OBJC_MSGSEND = YES;
				GCC_C_LANGUAGE_STANDARD = gnu11;
				GCC_NO_COMMON_BLOCKS = YES;
				GCC_WARN_64_TO_32_BIT_CONVERSION = YES;
				GCC_WARN_ABOUT_RETURN_TYPE = YES_ERROR;
				GCC_WARN_UNDECLARED_SELECTOR = YES;
				GCC_WARN_UNINITIALIZED_AUTOS = YES_AGGRESSIVE;
				GCC_WARN_UNUSED_FUNCTION = YES;
				GCC_WARN_UNUSED_VARIABLE = YES;
				IPHONEOS_DEPLOYMENT_TARGET = 14.5;
				MTL_ENABLE_DEBUG_INFO = NO;
				MTL_FAST_MATH = YES;
				SDKROOT = iphoneos;
				SWIFT_COMPILATION_MODE = wholemodule;
				SWIFT_OPTIMIZATION_LEVEL = "-O";
				VALIDATE_PRODUCT = YES;
			};
			name = Release;
		};
		1CBAFF5826D7454B00C97334 /* Debug */ = {
			isa = XCBuildConfiguration;
			buildSettings = {
				ASSETCATALOG_COMPILER_APPICON_NAME = AppIcon;
				ASSETCATALOG_COMPILER_GLOBAL_ACCENT_COLOR_NAME = AccentColor;
				CODE_SIGN_STYLE = Automatic;
				DEVELOPMENT_TEAM = BC94AD2R5Q;
				INFOPLIST_FILE = CropSearchTechnical/Info.plist;
				LD_RUNPATH_SEARCH_PATHS = (
					"$(inherited)",
					"@executable_path/Frameworks",
				);
				PRODUCT_BUNDLE_IDENTIFIER = com.gagefonk.CropSearchTechnical;
				PRODUCT_NAME = "$(TARGET_NAME)";
				SWIFT_VERSION = 5.0;
				TARGETED_DEVICE_FAMILY = "1,2";
			};
			name = Debug;
		};
		1CBAFF5926D7454B00C97334 /* Release */ = {
			isa = XCBuildConfiguration;
			buildSettings = {
				ASSETCATALOG_COMPILER_APPICON_NAME = AppIcon;
				ASSETCATALOG_COMPILER_GLOBAL_ACCENT_COLOR_NAME = AccentColor;
				CODE_SIGN_STYLE = Automatic;
				DEVELOPMENT_TEAM = BC94AD2R5Q;
				INFOPLIST_FILE = CropSearchTechnical/Info.plist;
				LD_RUNPATH_SEARCH_PATHS = (
					"$(inherited)",
					"@executable_path/Frameworks",
				);
				PRODUCT_BUNDLE_IDENTIFIER = com.gagefonk.CropSearchTechnical;
				PRODUCT_NAME = "$(TARGET_NAME)";
				SWIFT_VERSION = 5.0;
				TARGETED_DEVICE_FAMILY = "1,2";
			};
			name = Release;
		};
/* End XCBuildConfiguration section */

/* Begin XCConfigurationList section */
		1CBAFF3E26D7453B00C97334 /* Build configuration list for PBXProject "CropSearchTechnical" */ = {
			isa = XCConfigurationList;
			buildConfigurations = (
				1CBAFF5526D7454B00C97334 /* Debug */,
				1CBAFF5626D7454B00C97334 /* Release */,
			);
			defaultConfigurationIsVisible = 0;
			defaultConfigurationName = Release;
		};
		1CBAFF5726D7454B00C97334 /* Build configuration list for PBXNativeTarget "CropSearchTechnical" */ = {
			isa = XCConfigurationList;
			buildConfigurations = (
				1CBAFF5826D7454B00C97334 /* Debug */,
				1CBAFF5926D7454B00C97334 /* Release */,
			);
			defaultConfigurationIsVisible = 0;
			defaultConfigurationName = Release;
		};
/* End XCConfigurationList section */
	};
	rootObject = 1CBAFF3B26D7453B00C97334 /* Project object */;
}
